{
  "version": 4,
  "terraform_version": "0.12.26",
  "serial": 18,
  "lineage": "d543f2f7-bf78-0cf8-d920-ba65dbc488a4",
  "outputs": {
    "myos_ip": {
      "value": "13.233.229.126",
      "type": "string"
    }
  },
  "resources": [
    {
      "mode": "managed",
      "type": "aws_ebs_volume",
      "name": "esb1",
      "provider": "provider.aws",
      "instances": [
        {
          "schema_version": 0,
          "attributes": {
            "arn": "arn:aws:ec2:ap-south-1:822495683792:volume/vol-03e3872d8221da5c1",
            "availability_zone": "ap-south-1a",
            "encrypted": false,
            "id": "vol-03e3872d8221da5c1",
            "iops": 100,
            "kms_key_id": "",
            "multi_attach_enabled": false,
            "outpost_arn": "",
            "size": 1,
            "snapshot_id": "",
            "tags": {
              "Name": "ebs"
            },
            "type": "gp2"
          },
          "private": "bnVsbA==",
          "dependencies": [
            "aws_instance.web"
          ]
        }
      ]
    },
    {
      "mode": "managed",
      "type": "aws_instance",
      "name": "web",
      "provider": "provider.aws",
      "instances": [
        {
          "schema_version": 1,
          "attributes": {
            "ami": "ami-0447a12f28fddb066",
            "arn": "arn:aws:ec2:ap-south-1:822495683792:instance/i-0902c05fdbbbee3d8",
            "associate_public_ip_address": true,
            "availability_zone": "ap-south-1a",
            "cpu_core_count": 1,
            "cpu_threads_per_core": 1,
            "credit_specification": [
              {
                "cpu_credits": "standard"
              }
            ],
            "disable_api_termination": false,
            "ebs_block_device": [
              {
                "delete_on_termination": false,
                "device_name": "/dev/sdh",
                "encrypted": false,
                "iops": 100,
                "kms_key_id": "",
                "snapshot_id": "",
                "volume_id": "vol-03e3872d8221da5c1",
                "volume_size": 1,
                "volume_type": "gp2"
              }
            ],
            "ebs_optimized": false,
            "ephemeral_block_device": [],
            "get_password_data": false,
            "hibernation": false,
            "host_id": null,
            "iam_instance_profile": "",
            "id": "i-0902c05fdbbbee3d8",
            "instance_initiated_shutdown_behavior": null,
            "instance_state": "running",
            "instance_type": "t2.micro",
            "ipv6_address_count": 0,
            "ipv6_addresses": [],
            "key_name": "mykey111",
            "metadata_options": [
              {
                "http_endpoint": "enabled",
                "http_put_response_hop_limit": 1,
                "http_tokens": "optional"
              }
            ],
            "monitoring": false,
            "network_interface": [],
            "network_interface_id": null,
            "outpost_arn": "",
            "password_data": "",
            "placement_group": "",
            "primary_network_interface_id": "eni-0f971467449e3ca3e",
            "private_dns": "ip-172-31-41-201.ap-south-1.compute.internal",
            "private_ip": "172.31.41.201",
            "public_dns": "ec2-13-233-229-126.ap-south-1.compute.amazonaws.com",
            "public_ip": "13.233.229.126",
            "root_block_device": [
              {
                "delete_on_termination": true,
                "device_name": "/dev/xvda",
                "encrypted": false,
                "iops": 100,
                "kms_key_id": "",
                "volume_id": "vol-0a0f7f25e0d7771c2",
                "volume_size": 8,
                "volume_type": "gp2"
              }
            ],
            "security_groups": [
              "task1"
            ],
            "source_dest_check": true,
            "subnet_id": "subnet-57e8d23f",
            "tags": {
              "Name": "os1"
            },
            "tenancy": "default",
            "timeouts": null,
            "user_data": null,
            "user_data_base64": null,
            "volume_tags": {
              "Name": "ebs"
            },
            "vpc_security_group_ids": [
              "sg-0f3e0bb14ed378ccf"
            ]
          },
          "private": "eyJlMmJmYjczMC1lY2FhLTExZTYtOGY4OC0zNDM2M2JjN2M0YzAiOnsiY3JlYXRlIjo2MDAwMDAwMDAwMDAsImRlbGV0ZSI6MTIwMDAwMDAwMDAwMCwidXBkYXRlIjo2MDAwMDAwMDAwMDB9LCJzY2hlbWFfdmVyc2lvbiI6IjEifQ=="
        }
      ]
    },
    {
      "mode": "managed",
      "type": "aws_volume_attachment",
      "name": "ebs_att",
      "provider": "provider.aws",
      "instances": [
        {
          "schema_version": 0,
          "attributes": {
            "device_name": "/dev/sdh",
            "force_detach": true,
            "id": "vai-1226596692",
            "instance_id": "i-0902c05fdbbbee3d8",
            "skip_destroy": null,
            "volume_id": "vol-03e3872d8221da5c1"
          },
          "private": "bnVsbA==",
          "dependencies": [
            "aws_ebs_volume.esb1",
            "aws_instance.web"
          ]
        }
      ]
    },
    {
      "mode": "managed",
      "type": "null_resource",
      "name": "nulllocal1",
      "provider": "provider.null",
      "instances": [
        {
          "schema_version": 0,
          "attributes": {
            "id": "2417306857006105193",
            "triggers": null
          },
          "dependencies": [
            "aws_instance.web",
            "null_resource.nullremote3"
          ]
        }
      ]
    },
    {
      "mode": "managed",
      "type": "null_resource",
      "name": "nulllocal2",
      "provider": "provider.null",
      "instances": [
        {
          "schema_version": 0,
          "attributes": {
            "id": "4430243309296450471",
            "triggers": null
          },
          "dependencies": [
            "aws_instance.web"
          ]
        }
      ]
    },
    {
      "mode": "managed",
      "type": "null_resource",
      "name": "nullremote3",
      "provider": "provider.null",
      "instances": [
        {
          "schema_version": 0,
          "attributes": {
            "id": "1943657952273144356",
            "triggers": null
          },
          "dependencies": [
            "aws_ebs_volume.esb1",
            "aws_instance.web",
            "aws_volume_attachment.ebs_att"
          ]
        }
      ]
    }
  ]
}
